
Microsoft Visual Studio Solution File, Format Version 12.00
# Visual Studio Version 17
VisualStudioVersion = 17.8.34511.84
MinimumVisualStudioVersion = 10.0.40219.1
Project("{2150E333-8FDC-42A3-9474-1A3956D46DE8}") = "Services", "Services", "{DD94E5F3-905B-4124-A49A-89D676BC34F0}"
EndProject
Project("{2150E333-8FDC-42A3-9474-1A3956D46DE8}") = "Catalog", "Catalog", "{C023911E-B06F-45BE-B655-F28522009106}"
EndProject
Project("{9A19103F-16F7-4668-BE54-9A1E7A4F7556}") = "Catalog.API", "services\catalog\Catalog.API\Catalog.API.csproj", "{26E5A774-6B73-44F2-A6C9-0DBADF8C6678}"
EndProject
Project("{2150E333-8FDC-42A3-9474-1A3956D46DE8}") = "BuildingBlocks", "BuildingBlocks", "{56ECA642-AEB5-41E1-8F90-21E5615F5C44}"
EndProject
Project("{9A19103F-16F7-4668-BE54-9A1E7A4F7556}") = "BuildingBlocks", "BuildingBlocks\BuildingBlocks\BuildingBlocks.csproj", "{5DB10808-F7E1-4B50-9F12-78C4D83F0B7B}"
EndProject
Project("{E53339B2-1760-4266-BCC7-CA923CBCF16C}") = "docker-compose", "docker-compose.dcproj", "{E5E50FBB-82CA-465A-BC3F-ACF15466DDED}"
EndProject
Project("{2150E333-8FDC-42A3-9474-1A3956D46DE8}") = "Basket", "Basket", "{1C66FCC5-3C64-4AF8-AE16-B803CB77461F}"
EndProject
Project("{9A19103F-16F7-4668-BE54-9A1E7A4F7556}") = "Basket.API", "services\basket\Basket.API\Basket.API.csproj", "{F46CCBD0-D277-4224-94CC-57EA892DFD84}"
EndProject
Project("{2150E333-8FDC-42A3-9474-1A3956D46DE8}") = "Discount", "Discount", "{C0F08AE8-6D8E-4756-BBE0-2C62F571EA10}"
EndProject
Project("{9A19103F-16F7-4668-BE54-9A1E7A4F7556}") = "Discount.Grpc", "services\Discount.Grpc\Discount.Grpc.csproj", "{10E1EFB0-3F27-4DD8-AD28-D645E4354C02}"
EndProject
Project("{2150E333-8FDC-42A3-9474-1A3956D46DE8}") = "Ordering", "Ordering", "{674EA4D1-19E6-4FBC-B965-722F0BEED60E}"
EndProject
Project("{9A19103F-16F7-4668-BE54-9A1E7A4F7556}") = "Ordering.API", "services\Ordering\Ordering.API\Ordering.API.csproj", "{A3B6963F-79E2-4C44-87F9-8ED67C05AE05}"
EndProject
Project("{9A19103F-16F7-4668-BE54-9A1E7A4F7556}") = "Ordering.Domain", "services\Ordering\Ordering.Domain\Ordering.Domain.csproj", "{747D9DA2-9F51-4BF7-B80E-7F239066D683}"
EndProject
Project("{9A19103F-16F7-4668-BE54-9A1E7A4F7556}") = "Ordering.Application", "services\Ordering\Ordering.Application\Ordering.Application.csproj", "{16A709D6-AC82-476C-BFD3-B63915B57016}"
EndProject
Project("{9A19103F-16F7-4668-BE54-9A1E7A4F7556}") = "Ordering.Infrastructure", "services\Ordering\Ordering.Infrastructure\Ordering.Infrastructure.csproj", "{CFC06977-D6AE-4761-9D88-9DEDFDAD2EEF}"
EndProject
Project("{9A19103F-16F7-4668-BE54-9A1E7A4F7556}") = "BuildingBlocks.Messaging", "BuildingBlocks\BuildingBlocks.Messaging\BuildingBlocks.Messaging.csproj", "{39ED6D34-4ABD-4A8F-B218-24D79511A11F}"
EndProject
Project("{2150E333-8FDC-42A3-9474-1A3956D46DE8}") = "ApiGateways", "ApiGateways", "{C3A10A03-7A41-42EA-B699-8E3A5BAB15B4}"
EndProject
Project("{9A19103F-16F7-4668-BE54-9A1E7A4F7556}") = "YarpApiGateway", "ApiGateways\YarpApiGateway\YarpApiGateway.csproj", "{00A82BC7-433F-409F-A8A0-F3096CE0DE32}"
EndProject
Project("{2150E333-8FDC-42A3-9474-1A3956D46DE8}") = "WebApps", "WebApps", "{A6151E1D-B982-43A4-B1A0-2A8E11736F44}"
EndProject
Project("{9A19103F-16F7-4668-BE54-9A1E7A4F7556}") = "Shopping.Web", "WebApps\Shopping.Web\Shopping.Web.csproj", "{C84419CF-058A-46BA-B736-09F671D485FC}"
EndProject
Global
	GlobalSection(SolutionConfigurationPlatforms) = preSolution
		Debug|Any CPU = Debug|Any CPU
		Release|Any CPU = Release|Any CPU
	EndGlobalSection
	GlobalSection(ProjectConfigurationPlatforms) = postSolution
		{26E5A774-6B73-44F2-A6C9-0DBADF8C6678}.Debug|Any CPU.ActiveCfg = Debug|Any CPU
		{26E5A774-6B73-44F2-A6C9-0DBADF8C6678}.Debug|Any CPU.Build.0 = Debug|Any CPU
		{26E5A774-6B73-44F2-A6C9-0DBADF8C6678}.Release|Any CPU.ActiveCfg = Release|Any CPU
		{26E5A774-6B73-44F2-A6C9-0DBADF8C6678}.Release|Any CPU.Build.0 = Release|Any CPU
		{5DB10808-F7E1-4B50-9F12-78C4D83F0B7B}.Debug|Any CPU.ActiveCfg = Debug|Any CPU
		{5DB10808-F7E1-4B50-9F12-78C4D83F0B7B}.Debug|Any CPU.Build.0 = Debug|Any CPU
		{5DB10808-F7E1-4B50-9F12-78C4D83F0B7B}.Release|Any CPU.ActiveCfg = Release|Any CPU
		{5DB10808-F7E1-4B50-9F12-78C4D83F0B7B}.Release|Any CPU.Build.0 = Release|Any CPU
		{E5E50FBB-82CA-465A-BC3F-ACF15466DDED}.Debug|Any CPU.ActiveCfg = Debug|Any CPU
		{E5E50FBB-82CA-465A-BC3F-ACF15466DDED}.Debug|Any CPU.Build.0 = Debug|Any CPU
		{E5E50FBB-82CA-465A-BC3F-ACF15466DDED}.Release|Any CPU.ActiveCfg = Release|Any CPU
		{E5E50FBB-82CA-465A-BC3F-ACF15466DDED}.Release|Any CPU.Build.0 = Release|Any CPU
		{F46CCBD0-D277-4224-94CC-57EA892DFD84}.Debug|Any CPU.ActiveCfg = Debug|Any CPU
		{F46CCBD0-D277-4224-94CC-57EA892DFD84}.Debug|Any CPU.Build.0 = Debug|Any CPU
		{F46CCBD0-D277-4224-94CC-57EA892DFD84}.Release|Any CPU.ActiveCfg = Release|Any CPU
		{F46CCBD0-D277-4224-94CC-57EA892DFD84}.Release|Any CPU.Build.0 = Release|Any CPU
		{10E1EFB0-3F27-4DD8-AD28-D645E4354C02}.Debug|Any CPU.ActiveCfg = Debug|Any CPU
		{10E1EFB0-3F27-4DD8-AD28-D645E4354C02}.Debug|Any CPU.Build.0 = Debug|Any CPU
		{10E1EFB0-3F27-4DD8-AD28-D645E4354C02}.Release|Any CPU.ActiveCfg = Release|Any CPU
		{10E1EFB0-3F27-4DD8-AD28-D645E4354C02}.Release|Any CPU.Build.0 = Release|Any CPU
		{A3B6963F-79E2-4C44-87F9-8ED67C05AE05}.Debug|Any CPU.ActiveCfg = Debug|Any CPU
		{A3B6963F-79E2-4C44-87F9-8ED67C05AE05}.Debug|Any CPU.Build.0 = Debug|Any CPU
		{A3B6963F-79E2-4C44-87F9-8ED67C05AE05}.Release|Any CPU.ActiveCfg = Release|Any CPU
		{A3B6963F-79E2-4C44-87F9-8ED67C05AE05}.Release|Any CPU.Build.0 = Release|Any CPU
		{747D9DA2-9F51-4BF7-B80E-7F239066D683}.Debug|Any CPU.ActiveCfg = Debug|Any CPU
		{747D9DA2-9F51-4BF7-B80E-7F239066D683}.Debug|Any CPU.Build.0 = Debug|Any CPU
		{747D9DA2-9F51-4BF7-B80E-7F239066D683}.Release|Any CPU.ActiveCfg = Release|Any CPU
		{747D9DA2-9F51-4BF7-B80E-7F239066D683}.Release|Any CPU.Build.0 = Release|Any CPU
		{16A709D6-AC82-476C-BFD3-B63915B57016}.Debug|Any CPU.ActiveCfg = Debug|Any CPU
		{16A709D6-AC82-476C-BFD3-B63915B57016}.Debug|Any CPU.Build.0 = Debug|Any CPU
		{16A709D6-AC82-476C-BFD3-B63915B57016}.Release|Any CPU.ActiveCfg = Release|Any CPU
		{16A709D6-AC82-476C-BFD3-B63915B57016}.Release|Any CPU.Build.0 = Release|Any CPU
		{CFC06977-D6AE-4761-9D88-9DEDFDAD2EEF}.Debug|Any CPU.ActiveCfg = Debug|Any CPU
		{CFC06977-D6AE-4761-9D88-9DEDFDAD2EEF}.Debug|Any CPU.Build.0 = Debug|Any CPU
		{CFC06977-D6AE-4761-9D88-9DEDFDAD2EEF}.Release|Any CPU.ActiveCfg = Release|Any CPU
		{CFC06977-D6AE-4761-9D88-9DEDFDAD2EEF}.Release|Any CPU.Build.0 = Release|Any CPU
		{39ED6D34-4ABD-4A8F-B218-24D79511A11F}.Debug|Any CPU.ActiveCfg = Debug|Any CPU
		{39ED6D34-4ABD-4A8F-B218-24D79511A11F}.Debug|Any CPU.Build.0 = Debug|Any CPU
		{39ED6D34-4ABD-4A8F-B218-24D79511A11F}.Release|Any CPU.ActiveCfg = Release|Any CPU
		{39ED6D34-4ABD-4A8F-B218-24D79511A11F}.Release|Any CPU.Build.0 = Release|Any CPU
		{00A82BC7-433F-409F-A8A0-F3096CE0DE32}.Debug|Any CPU.ActiveCfg = Debug|Any CPU
		{00A82BC7-433F-409F-A8A0-F3096CE0DE32}.Debug|Any CPU.Build.0 = Debug|Any CPU
		{00A82BC7-433F-409F-A8A0-F3096CE0DE32}.Release|Any CPU.ActiveCfg = Release|Any CPU
		{00A82BC7-433F-409F-A8A0-F3096CE0DE32}.Release|Any CPU.Build.0 = Release|Any CPU
		{C84419CF-058A-46BA-B736-09F671D485FC}.Debug|Any CPU.ActiveCfg = Debug|Any CPU
		{C84419CF-058A-46BA-B736-09F671D485FC}.Debug|Any CPU.Build.0 = Debug|Any CPU
		{C84419CF-058A-46BA-B736-09F671D485FC}.Release|Any CPU.ActiveCfg = Release|Any CPU
		{C84419CF-058A-46BA-B736-09F671D485FC}.Release|Any CPU.Build.0 = Release|Any CPU
	EndGlobalSection
	GlobalSection(SolutionProperties) = preSolution
		HideSolutionNode = FALSE
	EndGlobalSection
	GlobalSection(NestedProjects) = preSolution
		{C023911E-B06F-45BE-B655-F28522009106} = {DD94E5F3-905B-4124-A49A-89D676BC34F0}
		{26E5A774-6B73-44F2-A6C9-0DBADF8C6678} = {C023911E-B06F-45BE-B655-F28522009106}
		{5DB10808-F7E1-4B50-9F12-78C4D83F0B7B} = {56ECA642-AEB5-41E1-8F90-21E5615F5C44}
		{1C66FCC5-3C64-4AF8-AE16-B803CB77461F} = {DD94E5F3-905B-4124-A49A-89D676BC34F0}
		{F46CCBD0-D277-4224-94CC-57EA892DFD84} = {1C66FCC5-3C64-4AF8-AE16-B803CB77461F}
		{C0F08AE8-6D8E-4756-BBE0-2C62F571EA10} = {DD94E5F3-905B-4124-A49A-89D676BC34F0}
		{10E1EFB0-3F27-4DD8-AD28-D645E4354C02} = {C0F08AE8-6D8E-4756-BBE0-2C62F571EA10}
		{674EA4D1-19E6-4FBC-B965-722F0BEED60E} = {DD94E5F3-905B-4124-A49A-89D676BC34F0}
		{A3B6963F-79E2-4C44-87F9-8ED67C05AE05} = {674EA4D1-19E6-4FBC-B965-722F0BEED60E}
		{747D9DA2-9F51-4BF7-B80E-7F239066D683} = {674EA4D1-19E6-4FBC-B965-722F0BEED60E}
		{16A709D6-AC82-476C-BFD3-B63915B57016} = {674EA4D1-19E6-4FBC-B965-722F0BEED60E}
		{CFC06977-D6AE-4761-9D88-9DEDFDAD2EEF} = {674EA4D1-19E6-4FBC-B965-722F0BEED60E}
		{39ED6D34-4ABD-4A8F-B218-24D79511A11F} = {56ECA642-AEB5-41E1-8F90-21E5615F5C44}
		{00A82BC7-433F-409F-A8A0-F3096CE0DE32} = {C3A10A03-7A41-42EA-B699-8E3A5BAB15B4}
		{C84419CF-058A-46BA-B736-09F671D485FC} = {A6151E1D-B982-43A4-B1A0-2A8E11736F44}
	EndGlobalSection
	GlobalSection(ExtensibilityGlobals) = postSolution
		SolutionGuid = {6F11E55A-70B4-44D6-93F4-29D52B69E4B3}
	EndGlobalSection
EndGlobal
